
Microsoft Visual Studio Solution File, Format Version 12.00
# Visual Studio Version 16
VisualStudioVersion = 16.0.31205.134
MinimumVisualStudioVersion = 10.0.40219.1
Project("{FAE04EC0-301F-11D3-BF4B-00C04F79EFBC}") = "GTAVWebhook", "GTAVWebhook.csproj", "{AE343D65-D768-4382-A65E-6F9B3CEF913C}"
EndProject
Global
	GlobalSection(SolutionConfigurationPlatforms) = preSolution
		Debug|Any CPU = Debug|Any CPU
		Release|Any CPU = Release|Any CPU
	EndGlobalSection
	GlobalSection(ProjectConfigurationPlatforms) = postSolution
		{AE343D65-D768-4382-A65E-6F9B3CEF913C}.Debug|Any CPU.ActiveCfg = Debug|Any CPU
		{AE343D65-D768-4382-A65E-6F9B3CEF913C}.Debug|Any CPU.Build.0 = Debug|Any CPU
		{AE343D65-D768-4382-A65E-6F9B3CEF913C}.Release|Any CPU.ActiveCfg = Release|Any CPU
		{AE343D65-D768-4382-A65E-6F9B3CEF913C}.Release|Any CPU.Build.0 = Release|Any CPU
	EndGlobalSection
	GlobalSection(SolutionProperties) = preSolution
		HideSolutionNode = FALSE
	EndGlobalSection
	GlobalSection(ExtensibilityGlobals) = postSolution
		SolutionGuid = {3F46B8DB-41AE-4C3D-9657-E89FF5199E94}
	EndGlobalSection
EndGlobal
